
Microsoft Visual Studio Solution File, Format Version 12.00
# Visual Studio Version 16
VisualStudioVersion = 16.0.30717.126
MinimumVisualStudioVersion = 10.0.40219.1
Project("{FAE04EC0-301F-11D3-BF4B-00C04F79EFBC}") = "ch03-primitives", "ch03-primitives\ch03-primitives.csproj", "{FAD0EE23-9A8C-4348-B5F0-E887046EC9E2}"
EndProject
Global
	GlobalSection(SolutionConfigurationPlatforms) = preSolution
		Debug|Any CPU = Debug|Any CPU
		Release|Any CPU = Release|Any CPU
	EndGlobalSection
	GlobalSection(ProjectConfigurationPlatforms) = postSolution
		{FAD0EE23-9A8C-4348-B5F0-E887046EC9E2}.Debug|Any CPU.ActiveCfg = Debug|Any CPU
		{FAD0EE23-9A8C-4348-B5F0-E887046EC9E2}.Debug|Any CPU.Build.0 = Debug|Any CPU
		{FAD0EE23-9A8C-4348-B5F0-E887046EC9E2}.Release|Any CPU.ActiveCfg = Release|Any CPU
		{FAD0EE23-9A8C-4348-B5F0-E887046EC9E2}.Release|Any CPU.Build.0 = Release|Any CPU
	EndGlobalSection
	GlobalSection(SolutionProperties) = preSolution
		HideSolutionNode = FALSE
	EndGlobalSection
	GlobalSection(ExtensibilityGlobals) = postSolution
		SolutionGuid = {1CDB95F8-8DF4-40D4-8180-E6A586642C65}
	EndGlobalSection
EndGlobal
