
Microsoft Visual Studio Solution File, Format Version 12.00
# Visual Studio Version 16
VisualStudioVersion = 16.0.30717.126
MinimumVisualStudioVersion = 10.0.40219.1
Project("{FAE04EC0-301F-11D3-BF4B-00C04F79EFBC}") = "ch03-round-format", "ch03-round-format\ch03-round-format.csproj", "{56922B65-407F-4F8C-ABC8-2DFCE486F789}"
EndProject
Global
	GlobalSection(SolutionConfigurationPlatforms) = preSolution
		Debug|Any CPU = Debug|Any CPU
		Release|Any CPU = Release|Any CPU
	EndGlobalSection
	GlobalSection(ProjectConfigurationPlatforms) = postSolution
		{56922B65-407F-4F8C-ABC8-2DFCE486F789}.Debug|Any CPU.ActiveCfg = Debug|Any CPU
		{56922B65-407F-4F8C-ABC8-2DFCE486F789}.Debug|Any CPU.Build.0 = Debug|Any CPU
		{56922B65-407F-4F8C-ABC8-2DFCE486F789}.Release|Any CPU.ActiveCfg = Release|Any CPU
		{56922B65-407F-4F8C-ABC8-2DFCE486F789}.Release|Any CPU.Build.0 = Release|Any CPU
	EndGlobalSection
	GlobalSection(SolutionProperties) = preSolution
		HideSolutionNode = FALSE
	EndGlobalSection
	GlobalSection(ExtensibilityGlobals) = postSolution
		SolutionGuid = {360C48A5-D24C-45FD-849A-FBB4E984B8EA}
	EndGlobalSection
EndGlobal
